
Microsoft Visual Studio Solution File, Format Version 12.00
# Visual Studio 15
VisualStudioVersion = 15.0.28307.1300
MinimumVisualStudioVersion = 10.0.40219.1
Project("{FAE04EC0-301F-11D3-BF4B-00C04F79EFBC}") = "ZorePazaryeriConverter", "ZorePazaryeriConverter\ZorePazaryeriConverter.csproj", "{9E17E994-9E2B-4940-B89D-570F36A36E47}"
EndProject
Global
	GlobalSection(SolutionConfigurationPlatforms) = preSolution
		Debug|Any CPU = Debug|Any CPU
		Release|Any CPU = Release|Any CPU
	EndGlobalSection
	GlobalSection(ProjectConfigurationPlatforms) = postSolution
		{9E17E994-9E2B-4940-B89D-570F36A36E47}.Debug|Any CPU.ActiveCfg = Debug|Any CPU
		{9E17E994-9E2B-4940-B89D-570F36A36E47}.Debug|Any CPU.Build.0 = Debug|Any CPU
		{9E17E994-9E2B-4940-B89D-570F36A36E47}.Release|Any CPU.ActiveCfg = Release|Any CPU
		{9E17E994-9E2B-4940-B89D-570F36A36E47}.Release|Any CPU.Build.0 = Release|Any CPU
	EndGlobalSection
	GlobalSection(SolutionProperties) = preSolution
		HideSolutionNode = FALSE
	EndGlobalSection
	GlobalSection(ExtensibilityGlobals) = postSolution
		SolutionGuid = {C74501D0-C47B-4D82-9958-32ED0A0060E1}
	EndGlobalSection
EndGlobal
